
Microsoft Visual Studio Solution File, Format Version 12.00
# Visual Studio Version 16
VisualStudioVersion = 16.0.29009.5
MinimumVisualStudioVersion = 10.0.40219.1
Project("{FAE04EC0-301F-11D3-BF4B-00C04F79EFBC}") = "RayVE.ProjectileSimulation", "RayVE.ProjectileSimulation\RayVE.ProjectileSimulation.csproj", "{25ABE6D4-9BE2-41D0-8B49-48EEF52B54D4}"
EndProject
Project("{FAE04EC0-301F-11D3-BF4B-00C04F79EFBC}") = "RayVE.CSharp", "RayVE\RayVE.CSharp.csproj", "{83663766-BAD0-46FC-9CEB-992AC2CEEFA0}"
EndProject
Project("{FAE04EC0-301F-11D3-BF4B-00C04F79EFBC}") = "RayVE.Tests", "RayVE.Tests\RayVE.Tests.csproj", "{54702AD0-DC81-4FC0-99E9-4BFB2D89CF17}"
EndProject
Project("{F2A71F9B-5D33-465A-A702-920D77279786}") = "RayVE.FSharp", "RayVE.FSharp\RayVE.FSharp.fsproj", "{58B729A1-A1AF-48C6-AC02-5DCE3E1D4759}"
EndProject
Global
	GlobalSection(SolutionConfigurationPlatforms) = preSolution
		Debug-CSharp|Any CPU = Debug-CSharp|Any CPU
		Debug-FSharp|Any CPU = Debug-FSharp|Any CPU
		Release-CSharp|Any CPU = Release-CSharp|Any CPU
		Release-FSharp|Any CPU = Release-FSharp|Any CPU
	EndGlobalSection
	GlobalSection(ProjectConfigurationPlatforms) = postSolution
		{25ABE6D4-9BE2-41D0-8B49-48EEF52B54D4}.Debug-CSharp|Any CPU.ActiveCfg = Debug|Any CPU
		{25ABE6D4-9BE2-41D0-8B49-48EEF52B54D4}.Debug-CSharp|Any CPU.Build.0 = Debug|Any CPU
		{25ABE6D4-9BE2-41D0-8B49-48EEF52B54D4}.Debug-FSharp|Any CPU.ActiveCfg = Debug|Any CPU
		{25ABE6D4-9BE2-41D0-8B49-48EEF52B54D4}.Debug-FSharp|Any CPU.Build.0 = Debug|Any CPU
		{25ABE6D4-9BE2-41D0-8B49-48EEF52B54D4}.Release-CSharp|Any CPU.ActiveCfg = Release|Any CPU
		{25ABE6D4-9BE2-41D0-8B49-48EEF52B54D4}.Release-CSharp|Any CPU.Build.0 = Release|Any CPU
		{25ABE6D4-9BE2-41D0-8B49-48EEF52B54D4}.Release-FSharp|Any CPU.ActiveCfg = Release|Any CPU
		{25ABE6D4-9BE2-41D0-8B49-48EEF52B54D4}.Release-FSharp|Any CPU.Build.0 = Release|Any CPU
		{83663766-BAD0-46FC-9CEB-992AC2CEEFA0}.Debug-CSharp|Any CPU.ActiveCfg = Debug|Any CPU
		{83663766-BAD0-46FC-9CEB-992AC2CEEFA0}.Debug-CSharp|Any CPU.Build.0 = Debug|Any CPU
		{83663766-BAD0-46FC-9CEB-992AC2CEEFA0}.Debug-FSharp|Any CPU.ActiveCfg = Debug|Any CPU
		{83663766-BAD0-46FC-9CEB-992AC2CEEFA0}.Debug-FSharp|Any CPU.Build.0 = Debug|Any CPU
		{83663766-BAD0-46FC-9CEB-992AC2CEEFA0}.Release-CSharp|Any CPU.ActiveCfg = Release|Any CPU
		{83663766-BAD0-46FC-9CEB-992AC2CEEFA0}.Release-CSharp|Any CPU.Build.0 = Release|Any CPU
		{83663766-BAD0-46FC-9CEB-992AC2CEEFA0}.Release-FSharp|Any CPU.ActiveCfg = Release|Any CPU
		{83663766-BAD0-46FC-9CEB-992AC2CEEFA0}.Release-FSharp|Any CPU.Build.0 = Release|Any CPU
		{54702AD0-DC81-4FC0-99E9-4BFB2D89CF17}.Debug-CSharp|Any CPU.ActiveCfg = Debug-CSharp|Any CPU
		{54702AD0-DC81-4FC0-99E9-4BFB2D89CF17}.Debug-CSharp|Any CPU.Build.0 = Debug-CSharp|Any CPU
		{54702AD0-DC81-4FC0-99E9-4BFB2D89CF17}.Debug-FSharp|Any CPU.ActiveCfg = Debug-FSharp|Any CPU
		{54702AD0-DC81-4FC0-99E9-4BFB2D89CF17}.Debug-FSharp|Any CPU.Build.0 = Debug-FSharp|Any CPU
		{54702AD0-DC81-4FC0-99E9-4BFB2D89CF17}.Release-CSharp|Any CPU.ActiveCfg = Debug-CSharp|Any CPU
		{54702AD0-DC81-4FC0-99E9-4BFB2D89CF17}.Release-CSharp|Any CPU.Build.0 = Debug-CSharp|Any CPU
		{54702AD0-DC81-4FC0-99E9-4BFB2D89CF17}.Release-FSharp|Any CPU.ActiveCfg = Release-FSharp|Any CPU
		{54702AD0-DC81-4FC0-99E9-4BFB2D89CF17}.Release-FSharp|Any CPU.Build.0 = Release-FSharp|Any CPU
		{58B729A1-A1AF-48C6-AC02-5DCE3E1D4759}.Debug-CSharp|Any CPU.ActiveCfg = Debug|Any CPU
		{58B729A1-A1AF-48C6-AC02-5DCE3E1D4759}.Debug-CSharp|Any CPU.Build.0 = Debug|Any CPU
		{58B729A1-A1AF-48C6-AC02-5DCE3E1D4759}.Debug-FSharp|Any CPU.ActiveCfg = Debug|Any CPU
		{58B729A1-A1AF-48C6-AC02-5DCE3E1D4759}.Release-CSharp|Any CPU.ActiveCfg = Release|Any CPU
		{58B729A1-A1AF-48C6-AC02-5DCE3E1D4759}.Release-CSharp|Any CPU.Build.0 = Release|Any CPU
		{58B729A1-A1AF-48C6-AC02-5DCE3E1D4759}.Release-FSharp|Any CPU.ActiveCfg = Release|Any CPU
	EndGlobalSection
	GlobalSection(SolutionProperties) = preSolution
		HideSolutionNode = FALSE
	EndGlobalSection
	GlobalSection(ExtensibilityGlobals) = postSolution
		SolutionGuid = {5D092706-2495-4EFE-BE8A-A6D63D5ED02E}
	EndGlobalSection
EndGlobal
