
Microsoft Visual Studio Solution File, Format Version 12.00
# Visual Studio Version 17
VisualStudioVersion = 17.13.35723.152
MinimumVisualStudioVersion = 10.0.40219.1
Project("{9A19103F-16F7-4668-BE54-9A1E7A4F7556}") = "RayVE.CSharp", "RayVE.CSharp\RayVE.CSharp.csproj", "{C543E73F-AC7D-47FF-BEBA-EE9EBB48F294}"
EndProject
Project("{6EC3EE1D-3C4E-46DD-8F32-0CC8E7565705}") = "RayVE.FSharp", "RayVE.FSharp\RayVE.FSharp.fsproj", "{9E63F9A1-E08F-47C4-A386-46A1A73A3A90}"
EndProject
Project("{9A19103F-16F7-4668-BE54-9A1E7A4F7556}") = "RayVE.ProjectileSimulation", "RayVE.ProjectileSimulation\RayVE.ProjectileSimulation.csproj", "{EA219BF5-9E73-4F9F-896A-5D1CF4B6BDA3}"
EndProject
Project("{9A19103F-16F7-4668-BE54-9A1E7A4F7556}") = "RayVE.SphereDrawing", "RayVE.SphereDrawing\RayVE.SphereDrawing.csproj", "{13EE77E9-DD38-4B03-A049-B3FFF28AE6EB}"
EndProject
Project("{9A19103F-16F7-4668-BE54-9A1E7A4F7556}") = "RayVE.Tests", "RayVE.Tests\RayVE.Tests.csproj", "{CB18B70D-778E-43E8-8FE0-DB46F66A7EB8}"
EndProject
Project("{9A19103F-16F7-4668-BE54-9A1E7A4F7556}") = "RayVE.SimpleScene", "RayVE.SimpleScene\RayVE.SimpleScene.csproj", "{AB4158BE-A304-476F-AFE0-C518F603473E}"
EndProject
Project("{F2A71F9B-5D33-465A-A702-920D77279786}") = "SphereDrawing.FSharp", "SphereDrawing.FSharp\SphereDrawing.FSharp.fsproj", "{AC32E5BD-1F4E-1D67-A31C-36437A68BFFD}"
EndProject
Project("{F2A71F9B-5D33-465A-A702-920D77279786}") = "RayVE.FSharp.Tests", "RayVE.FSharp.Tests\RayVE.FSharp.Tests.fsproj", "{A54C95BF-331A-4448-A861-5AD5D614E5B6}"
EndProject
Global
	GlobalSection(SolutionConfigurationPlatforms) = preSolution
		Debug|Any CPU = Debug|Any CPU
		Release|Any CPU = Release|Any CPU
	EndGlobalSection
	GlobalSection(ProjectConfigurationPlatforms) = postSolution
		{C543E73F-AC7D-47FF-BEBA-EE9EBB48F294}.Debug|Any CPU.ActiveCfg = Debug|Any CPU
		{C543E73F-AC7D-47FF-BEBA-EE9EBB48F294}.Debug|Any CPU.Build.0 = Debug|Any CPU
		{C543E73F-AC7D-47FF-BEBA-EE9EBB48F294}.Release|Any CPU.ActiveCfg = Release|Any CPU
		{C543E73F-AC7D-47FF-BEBA-EE9EBB48F294}.Release|Any CPU.Build.0 = Release|Any CPU
		{9E63F9A1-E08F-47C4-A386-46A1A73A3A90}.Debug|Any CPU.ActiveCfg = Debug|Any CPU
		{9E63F9A1-E08F-47C4-A386-46A1A73A3A90}.Debug|Any CPU.Build.0 = Debug|Any CPU
		{9E63F9A1-E08F-47C4-A386-46A1A73A3A90}.Release|Any CPU.ActiveCfg = Release|Any CPU
		{9E63F9A1-E08F-47C4-A386-46A1A73A3A90}.Release|Any CPU.Build.0 = Release|Any CPU
		{EA219BF5-9E73-4F9F-896A-5D1CF4B6BDA3}.Debug|Any CPU.ActiveCfg = Debug|Any CPU
		{EA219BF5-9E73-4F9F-896A-5D1CF4B6BDA3}.Debug|Any CPU.Build.0 = Debug|Any CPU
		{EA219BF5-9E73-4F9F-896A-5D1CF4B6BDA3}.Release|Any CPU.ActiveCfg = Release|Any CPU
		{EA219BF5-9E73-4F9F-896A-5D1CF4B6BDA3}.Release|Any CPU.Build.0 = Release|Any CPU
		{13EE77E9-DD38-4B03-A049-B3FFF28AE6EB}.Debug|Any CPU.ActiveCfg = Debug|Any CPU
		{13EE77E9-DD38-4B03-A049-B3FFF28AE6EB}.Debug|Any CPU.Build.0 = Debug|Any CPU
		{13EE77E9-DD38-4B03-A049-B3FFF28AE6EB}.Release|Any CPU.ActiveCfg = Release|Any CPU
		{13EE77E9-DD38-4B03-A049-B3FFF28AE6EB}.Release|Any CPU.Build.0 = Release|Any CPU
		{CB18B70D-778E-43E8-8FE0-DB46F66A7EB8}.Debug|Any CPU.ActiveCfg = Debug|Any CPU
		{CB18B70D-778E-43E8-8FE0-DB46F66A7EB8}.Debug|Any CPU.Build.0 = Debug|Any CPU
		{CB18B70D-778E-43E8-8FE0-DB46F66A7EB8}.Release|Any CPU.ActiveCfg = Release|Any CPU
		{CB18B70D-778E-43E8-8FE0-DB46F66A7EB8}.Release|Any CPU.Build.0 = Release|Any CPU
		{AB4158BE-A304-476F-AFE0-C518F603473E}.Debug|Any CPU.ActiveCfg = Debug|Any CPU
		{AB4158BE-A304-476F-AFE0-C518F603473E}.Debug|Any CPU.Build.0 = Debug|Any CPU
		{AB4158BE-A304-476F-AFE0-C518F603473E}.Release|Any CPU.ActiveCfg = Release|Any CPU
		{AB4158BE-A304-476F-AFE0-C518F603473E}.Release|Any CPU.Build.0 = Release|Any CPU
		{AC32E5BD-1F4E-1D67-A31C-36437A68BFFD}.Debug|Any CPU.ActiveCfg = Debug|Any CPU
		{AC32E5BD-1F4E-1D67-A31C-36437A68BFFD}.Debug|Any CPU.Build.0 = Debug|Any CPU
		{AC32E5BD-1F4E-1D67-A31C-36437A68BFFD}.Release|Any CPU.ActiveCfg = Release|Any CPU
		{AC32E5BD-1F4E-1D67-A31C-36437A68BFFD}.Release|Any CPU.Build.0 = Release|Any CPU
		{A54C95BF-331A-4448-A861-5AD5D614E5B6}.Debug|Any CPU.ActiveCfg = Debug|Any CPU
		{A54C95BF-331A-4448-A861-5AD5D614E5B6}.Debug|Any CPU.Build.0 = Debug|Any CPU
		{A54C95BF-331A-4448-A861-5AD5D614E5B6}.Release|Any CPU.ActiveCfg = Release|Any CPU
		{A54C95BF-331A-4448-A861-5AD5D614E5B6}.Release|Any CPU.Build.0 = Release|Any CPU
	EndGlobalSection
	GlobalSection(SolutionProperties) = preSolution
		HideSolutionNode = FALSE
	EndGlobalSection
	GlobalSection(ExtensibilityGlobals) = postSolution
		SolutionGuid = {5D092706-2495-4EFE-BE8A-A6D63D5ED02E}
	EndGlobalSection
EndGlobal
